github.com/harshsharma1211/Puppy v1.3.0 h1:6DyHwMwoXLRkLr11JcV1gsQrY8HB+w6FcfeF8HzNuzw=
github.com/harshsharma1211/Puppy v1.3.0/go.mod h1:h3iVvfzqIf/SSVL/FAQW1cs/QiZjEq6lQayLqoGYUGk=
github.com/harshsharma1211/dog v0.0.0-20240408192728-4558461aee58 h1:w3rf+0IbbdNeY6H/wAJQFJKM5IJ/hrinjJtgN+SH5I4=
github.com/harshsharma1211/dog v0.0.0-20240408192728-4558461aee58/go.mod h1:SRyctkaAP63P/OZ8hviDC2BpMvVXqxqQ3zmwDyYT8Io=
